// !$*UTF8*$!
{
	archiveVersion = 1;
	classes = {
	};
	objectVersion = 46;
	objects = {

/* Begin PBXBuildFile section */
		3850AA201C350BEB00FFEBA6 /* main.m in Sources */ = {isa = PBXBuildFile; fileRef = 3850AA1F1C350BEB00FFEBA6 /* main.m */; };
		3850AA351C350BFD00FFEBA6 /* CHAddOperation.m in Sources */ = {isa = PBXBuildFile; fileRef = 3850AA281C350BFD00FFEBA6 /* CHAddOperation.m */; };
		3850AA361C350BFD00FFEBA6 /* CHBaseOperation.m in Sources */ = {isa = PBXBuildFile; fileRef = 3850AA2A1C350BFD00FFEBA6 /* CHBaseOperation.m */; };
		3850AA371C350BFD00FFEBA6 /* CHDividOperation.m in Sources */ = {isa = PBXBuildFile; fileRef = 3850AA2C1C350BFD00FFEBA6 /* CHDividOperation.m */; };
		3850AA381C350BFD00FFEBA6 /* CHMinusOperation.m in Sources */ = {isa = PBXBuildFile; fileRef = 3850AA2F1C350BFD00FFEBA6 /* CHMinusOperation.m */; };
		3850AA391C350BFD00FFEBA6 /* CHMultyOperation.m in Sources */ = {isa = PBXBuildFile; fileRef = 3850AA311C350BFD00FFEBA6 /* CHMultyOperation.m */; };
		3850AA3A1C350BFD00FFEBA6 /* CHOperationSetter.m in Sources */ = {isa = PBXBuildFile; fileRef = 3850AA341C350BFD00FFEBA6 /* CHOperationSetter.m */; };
		3850AA461C35113C00FFEBA6 /* CHAdaptedDivisorOperation.m in Sources */ = {isa = PBXBuildFile; fileRef = 3850AA451C35113C00FFEBA6 /* CHAdaptedDivisorOperation.m */; };
		3850AA491C35115300FFEBA6 /* CHDivisorOperation.m in Sources */ = {isa = PBXBuildFile; fileRef = 3850AA481C35115300FFEBA6 /* CHDivisorOperation.m */; };
/* End PBXBuildFile section */

/* Begin PBXCopyFilesBuildPhase section */
		3850AA1A1C350BEB00FFEBA6 /* CopyFiles */ = {
			isa = PBXCopyFilesBuildPhase;
			buildActionMask = 2147483647;
			dstPath = /usr/share/man/man1/;
			dstSubfolderSpec = 0;
			files = (
			);
			runOnlyForDeploymentPostprocessing = 1;
		};
/* End PBXCopyFilesBuildPhase section */

/* Begin PBXFileReference section */
		3850AA1C1C350BEB00FFEBA6 /* Calculate */ = {isa = PBXFileReference; explicitFileType = "compiled.mach-o.executable"; includeInIndex = 0; path = Calculate; sourceTree = BUILT_PRODUCTS_DIR; };
		3850AA1F1C350BEB00FFEBA6 /* main.m */ = {isa = PBXFileReference; lastKnownFileType = sourcecode.c.objc; path = main.m; sourceTree = "<group>"; };
		3850AA271C350BFD00FFEBA6 /* CHAddOperation.h */ = {isa = PBXFileReference; fileEncoding = 4; lastKnownFileType = sourcecode.c.h; path = CHAddOperation.h; sourceTree = "<group>"; };
		3850AA281C350BFD00FFEBA6 /* CHAddOperation.m */ = {isa = PBXFileReference; fileEncoding = 4; lastKnownFileType = sourcecode.c.objc; path = CHAddOperation.m; sourceTree = "<group>"; };
		3850AA291C350BFD00FFEBA6 /* CHBaseOperation.h */ = {isa = PBXFileReference; fileEncoding = 4; lastKnownFileType = sourcecode.c.h; path = CHBaseOperation.h; sourceTree = "<group>"; };
		3850AA2A1C350BFD00FFEBA6 /* CHBaseOperation.m */ = {isa = PBXFileReference; fileEncoding = 4; lastKnownFileType = sourcecode.c.objc; path = CHBaseOperation.m; sourceTree = "<group>"; };
		3850AA2B1C350BFD00FFEBA6 /* CHDividOperation.h */ = {isa = PBXFileReference; fileEncoding = 4; lastKnownFileType = sourcecode.c.h; path = CHDividOperation.h; sourceTree = "<group>"; };
		3850AA2C1C350BFD00FFEBA6 /* CHDividOperation.m */ = {isa = PBXFileReference; fileEncoding = 4; lastKnownFileType = sourcecode.c.objc; path = CHDividOperation.m; sourceTree = "<group>"; };
		3850AA2E1C350BFD00FFEBA6 /* CHMinusOperation.h */ = {isa = PBXFileReference; fileEncoding = 4; lastKnownFileType = sourcecode.c.h; path = CHMinusOperation.h; sourceTree = "<group>"; };
		3850AA2F1C350BFD00FFEBA6 /* CHMinusOperation.m */ = {isa = PBXFileReference; fileEncoding = 4; lastKnownFileType = sourcecode.c.objc; path = CHMinusOperation.m; sourceTree = "<group>"; };
		3850AA301C350BFD00FFEBA6 /* CHMultyOperation.h */ = {isa = PBXFileReference; fileEncoding = 4; lastKnownFileType = sourcecode.c.h; path = CHMultyOperation.h; sourceTree = "<group>"; };
		3850AA311C350BFD00FFEBA6 /* CHMultyOperation.m */ = {isa = PBXFileReference; fileEncoding = 4; lastKnownFileType = sourcecode.c.objc; path = CHMultyOperation.m; sourceTree = "<group>"; };
		3850AA321C350BFD00FFEBA6 /* CHOperation.h */ = {isa = PBXFileReference; fileEncoding = 4; lastKnownFileType = sourcecode.c.h; path = CHOperation.h; sourceTree = "<group>"; };
		3850AA331C350BFD00FFEBA6 /* CHOperationSetter.h */ = {isa = PBXFileReference; fileEncoding = 4; lastKnownFileType = sourcecode.c.h; path = CHOperationSetter.h; sourceTree = "<group>"; };
		3850AA341C350BFD00FFEBA6 /* CHOperationSetter.m */ = {isa = PBXFileReference; fileEncoding = 4; lastKnownFileType = sourcecode.c.objc; path = CHOperationSetter.m; sourceTree = "<group>"; };
		3850AA441C35113C00FFEBA6 /* CHAdaptedDivisorOperation.h */ = {isa = PBXFileReference; fileEncoding = 4; lastKnownFileType = sourcecode.c.h; path = CHAdaptedDivisorOperation.h; sourceTree = "<group>"; };
		3850AA451C35113C00FFEBA6 /* CHAdaptedDivisorOperation.m */ = {isa = PBXFileReference; fileEncoding = 4; lastKnownFileType = sourcecode.c.objc; path = CHAdaptedDivisorOperation.m; sourceTree = "<group>"; };
		3850AA471C35115300FFEBA6 /* CHDivisorOperation.h */ = {isa = PBXFileReference; fileEncoding = 4; lastKnownFileType = sourcecode.c.h; path = CHDivisorOperation.h; sourceTree = "<group>"; };
		3850AA481C35115300FFEBA6 /* CHDivisorOperation.m */ = {isa = PBXFileReference; fileEncoding = 4; lastKnownFileType = sourcecode.c.objc; path = CHDivisorOperation.m; sourceTree = "<group>"; };
/* End PBXFileReference section */

/* Begin PBXFrameworksBuildPhase section */
		3850AA191C350BEB00FFEBA6 /* Frameworks */ = {
			isa = PBXFrameworksBuildPhase;
			buildActionMask = 2147483647;
			files = (
			);
			runOnlyForDeploymentPostprocessing = 0;
		};
/* End PBXFrameworksBuildPhase section */

/* Begin PBXGroup section */
		3850AA131C350BEB00FFEBA6 = {
			isa = PBXGroup;
			children = (
				3850AA1E1C350BEB00FFEBA6 /* Calculate */,
				3850AA1D1C350BEB00FFEBA6 /* Products */,
			);
			sourceTree = "<group>";
		};
		3850AA1D1C350BEB00FFEBA6 /* Products */ = {
			isa = PBXGroup;
			children = (
				3850AA1C1C350BEB00FFEBA6 /* Calculate */,
			);
			name = Products;
			sourceTree = "<group>";
		};
		3850AA1E1C350BEB00FFEBA6 /* Calculate */ = {
			isa = PBXGroup;
			children = (
				3850AA261C350BFD00FFEBA6 /* CHMath */,
				3850AA1F1C350BEB00FFEBA6 /* main.m */,
			);
			path = Calculate;
			sourceTree = "<group>";
		};
		3850AA261C350BFD00FFEBA6 /* CHMath */ = {
			isa = PBXGroup;
			children = (
				3850AA271C350BFD00FFEBA6 /* CHAddOperation.h */,
				3850AA281C350BFD00FFEBA6 /* CHAddOperation.m */,
				3850AA291C350BFD00FFEBA6 /* CHBaseOperation.h */,
				3850AA2A1C350BFD00FFEBA6 /* CHBaseOperation.m */,
				3850AA2B1C350BFD00FFEBA6 /* CHDividOperation.h */,
				3850AA2C1C350BFD00FFEBA6 /* CHDividOperation.m */,
				3850AA2E1C350BFD00FFEBA6 /* CHMinusOperation.h */,
				3850AA2F1C350BFD00FFEBA6 /* CHMinusOperation.m */,
				3850AA301C350BFD00FFEBA6 /* CHMultyOperation.h */,
				3850AA311C350BFD00FFEBA6 /* CHMultyOperation.m */,
				3850AA321C350BFD00FFEBA6 /* CHOperation.h */,
				3850AA331C350BFD00FFEBA6 /* CHOperationSetter.h */,
				3850AA341C350BFD00FFEBA6 /* CHOperationSetter.m */,
				3850AA441C35113C00FFEBA6 /* CHAdaptedDivisorOperation.h */,
				3850AA451C35113C00FFEBA6 /* CHAdaptedDivisorOperation.m */,
				3850AA471C35115300FFEBA6 /* CHDivisorOperation.h */,
				3850AA481C35115300FFEBA6 /* CHDivisorOperation.m */,
			);
			path = CHMath;
			sourceTree = "<group>";
		};
/* End PBXGroup section */

/* Begin PBXNativeTarget section */
		3850AA1B1C350BEB00FFEBA6 /* Calculate */ = {
			isa = PBXNativeTarget;
			buildConfigurationList = 3850AA231C350BEB00FFEBA6 /* Build configuration list for PBXNativeTarget "Calculate" */;
			buildPhases = (
				3850AA181C350BEB00FFEBA6 /* Sources */,
				3850AA191C350BEB00FFEBA6 /* Frameworks */,
				3850AA1A1C350BEB00FFEBA6 /* CopyFiles */,
			);
			buildRules = (
			);
			dependencies = (
			);
			name = Calculate;
			productName = Calculate;
			productReference = 3850AA1C1C350BEB00FFEBA6 /* Calculate */;
			productType = "com.apple.product-type.tool";
		};
/* End PBXNativeTarget section */

/* Begin PBXProject section */
		3850AA141C350BEB00FFEBA6 /* Project object */ = {
			isa = PBXProject;
			attributes = {
				LastUpgradeCheck = 0720;
				ORGANIZATIONNAME = Chris;
				TargetAttributes = {
					3850AA1B1C350BEB00FFEBA6 = {
						CreatedOnToolsVersion = 7.2;
					};
				};
			};
			buildConfigurationList = 3850AA171C350BEB00FFEBA6 /* Build configuration list for PBXProject "Calculate" */;
			compatibilityVersion = "Xcode 3.2";
			developmentRegion = English;
			hasScannedForEncodings = 0;
			knownRegions = (
				en,
			);
			mainGroup = 3850AA131C350BEB00FFEBA6;
			productRefGroup = 3850AA1D1C350BEB00FFEBA6 /* Products */;
			projectDirPath = "";
			projectRoot = "";
			targets = (
				3850AA1B1C350BEB00FFEBA6 /* Calculate */,
			);
		};
/* End PBXProject section */

/* Begin PBXSourcesBuildPhase section */
		3850AA181C350BEB00FFEBA6 /* Sources */ = {
			isa = PBXSourcesBuildPhase;
			buildActionMask = 2147483647;
			files = (
				3850AA381C350BFD00FFEBA6 /* CHMinusOperation.m in Sources */,
				3850AA361C350BFD00FFEBA6 /* CHBaseOperation.m in Sources */,
				3850AA491C35115300FFEBA6 /* CHDivisorOperation.m in Sources */,
				3850AA391C350BFD00FFEBA6 /* CHMultyOperation.m in Sources */,
				3850AA371C350BFD00FFEBA6 /* CHDividOperation.m in Sources */,
				3850AA351C350BFD00FFEBA6 /* CHAddOperation.m in Sources */,
				3850AA461C35113C00FFEBA6 /* CHAdaptedDivisorOperation.m in Sources */,
				3850AA3A1C350BFD00FFEBA6 /* CHOperationSetter.m in Sources */,
				3850AA201C350BEB00FFEBA6 /* main.m in Sources */,
			);
			runOnlyForDeploymentPostprocessing = 0;
		};
/* End PBXSourcesBuildPhase section */

/* Begin XCBuildConfiguration section */
		3850AA211C350BEB00FFEBA6 /* Debug */ = {
			isa = XCBuildConfiguration;
			buildSettings = {
				ALWAYS_SEARCH_USER_PATHS = NO;
				CLANG_CXX_LANGUAGE_STANDARD = "gnu++0x";
				CLANG_CXX_LIBRARY = "libc++";
				CLANG_ENABLE_MODULES = YES;
				CLANG_ENABLE_OBJC_ARC = YES;
				CLANG_WARN_BOOL_CONVERSION = YES;
				CLANG_WARN_CONSTANT_CONVERSION = YES;
				CLANG_WARN_DIRECT_OBJC_ISA_USAGE = YES_ERROR;
				CLANG_WARN_EMPTY_BODY = YES;
				CLANG_WARN_ENUM_CONVERSION = YES;
				CLANG_WARN_INT_CONVERSION = YES;
				CLANG_WARN_OBJC_ROOT_CLASS = YES_ERROR;
				CLANG_WARN_UNREACHABLE_CODE = YES;
				CLANG_WARN__DUPLICATE_METHOD_MATCH = YES;
				CODE_SIGN_IDENTITY = "-";
				COPY_PHASE_STRIP = NO;
				DEBUG_INFORMATION_FORMAT = dwarf;
				ENABLE_STRICT_OBJC_MSGSEND = YES;
				ENABLE_TESTABILITY = YES;
				GCC_C_LANGUAGE_STANDARD = gnu99;
				GCC_DYNAMIC_NO_PIC = NO;
				GCC_NO_COMMON_BLOCKS = YES;
				GCC_OPTIMIZATION_LEVEL = 0;
				GCC_PREPROCESSOR_DEFINITIONS = (
					"DEBUG=1",
					"$(inherited)",
				);
				GCC_WARN_64_TO_32_BIT_CONVERSION = YES;
				GCC_WARN_ABOUT_RETURN_TYPE = YES_ERROR;
				GCC_WARN_UNDECLARED_SELECTOR = YES;
				GCC_WARN_UNINITIALIZED_AUTOS = YES_AGGRESSIVE;
				GCC_WARN_UNUSED_FUNCTION = YES;
				GCC_WARN_UNUSED_VARIABLE = YES;
				MACOSX_DEPLOYMENT_TARGET = 10.11;
				MTL_ENABLE_DEBUG_INFO = YES;
				ONLY_ACTIVE_ARCH = YES;
				SDKROOT = macosx;
			};
			name = Debug;
		};
		3850AA221C350BEB00FFEBA6 /* Release */ = {
			isa = XCBuildConfiguration;
			buildSettings = {
				ALWAYS_SEARCH_USER_PATHS = NO;
				CLANG_CXX_LANGUAGE_STANDARD = "gnu++0x";
				CLANG_CXX_LIBRARY = "libc++";
				CLANG_ENABLE_MODULES = YES;
				CLANG_ENABLE_OBJC_ARC = YES;
				CLANG_WARN_BOOL_CONVERSION = YES;
				CLANG_WARN_CONSTANT_CONVERSION = YES;
				CLANG_WARN_DIRECT_OBJC_ISA_USAGE = YES_ERROR;
				CLANG_WARN_EMPTY_BODY = YES;
				CLANG_WARN_ENUM_CONVERSION = YES;
				CLANG_WARN_INT_CONVERSION = YES;
				CLANG_WARN_OBJC_ROOT_CLASS = YES_ERROR;
				CLANG_WARN_UNREACHABLE_CODE = YES;
				CLANG_WARN__DUPLICATE_METHOD_MATCH = YES;
				CODE_SIGN_IDENTITY = "-";
				COPY_PHASE_STRIP = NO;
				DEBUG_INFORMATION_FORMAT = "dwarf-with-dsym";
				ENABLE_NS_ASSERTIONS = NO;
				ENABLE_STRICT_OBJC_MSGSEND = YES;
				GCC_C_LANGUAGE_STANDARD = gnu99;
				GCC_NO_COMMON_BLOCKS = YES;
				GCC_WARN_64_TO_32_BIT_CONVERSION = YES;
				GCC_WARN_ABOUT_RETURN_TYPE = YES_ERROR;
				GCC_WARN_UNDECLARED_SELECTOR = YES;
				GCC_WARN_UNINITIALIZED_AUTOS = YES_AGGRESSIVE;
				GCC_WARN_UNUSED_FUNCTION = YES;
				GCC_WARN_UNUSED_VARIABLE = YES;
				MACOSX_DEPLOYMENT_TARGET = 10.11;
				MTL_ENABLE_DEBUG_INFO = NO;
				SDKROOT = macosx;
			};
			name = Release;
		};
		3850AA241C350BEB00FFEBA6 /* Debug */ = {
			isa = XCBuildConfiguration;
			buildSettings = {
				PRODUCT_NAME = "$(TARGET_NAME)";
			};
			name = Debug;
		};
		3850AA251C350BEB00FFEBA6 /* Release */ = {
			isa = XCBuildConfiguration;
			buildSettings = {
				PRODUCT_NAME = "$(TARGET_NAME)";
			};
			name = Release;
		};
/* End XCBuildConfiguration section */

/* Begin XCConfigurationList section */
		3850AA171C350BEB00FFEBA6 /* Build configuration list for PBXProject "Calculate" */ = {
			isa = XCConfigurationList;
			buildConfigurations = (
				3850AA211C350BEB00FFEBA6 /* Debug */,
				3850AA221C350BEB00FFEBA6 /* Release */,
			);
			defaultConfigurationIsVisible = 0;
			defaultConfigurationName = Release;
		};
		3850AA231C350BEB00FFEBA6 /* Build configuration list for PBXNativeTarget "Calculate" */ = {
			isa = XCConfigurationList;
			buildConfigurations = (
				3850AA241C350BEB00FFEBA6 /* Debug */,
				3850AA251C350BEB00FFEBA6 /* Release */,
			);
			defaultConfigurationIsVisible = 0;
		};
/* End XCConfigurationList section */
	};
	rootObject = 3850AA141C350BEB00FFEBA6 /* Project object */;
}
